
Microsoft Visual Studio Solution File, Format Version 12.00
# Visual Studio Version 16
VisualStudioVersion = 16.0.31729.503
MinimumVisualStudioVersion = 10.0.40219.1
Project("{FAE04EC0-301F-11D3-BF4B-00C04F79EFBC}") = "PI - INVENTura - kglavan vtomljeno", "PI - INVENTura - kglavan vtomljeno\PI - INVENTura - kglavan vtomljeno.csproj", "{91DE9792-7F33-4C70-8221-BFB47B44C8F6}"
EndProject
Global
	GlobalSection(SolutionConfigurationPlatforms) = preSolution
		Debug|Any CPU = Debug|Any CPU
		Release|Any CPU = Release|Any CPU
	EndGlobalSection
	GlobalSection(ProjectConfigurationPlatforms) = postSolution
		{91DE9792-7F33-4C70-8221-BFB47B44C8F6}.Debug|Any CPU.ActiveCfg = Debug|Any CPU
		{91DE9792-7F33-4C70-8221-BFB47B44C8F6}.Debug|Any CPU.Build.0 = Debug|Any CPU
		{91DE9792-7F33-4C70-8221-BFB47B44C8F6}.Release|Any CPU.ActiveCfg = Release|Any CPU
		{91DE9792-7F33-4C70-8221-BFB47B44C8F6}.Release|Any CPU.Build.0 = Release|Any CPU
	EndGlobalSection
	GlobalSection(SolutionProperties) = preSolution
		HideSolutionNode = FALSE
	EndGlobalSection
	GlobalSection(ExtensibilityGlobals) = postSolution
		SolutionGuid = {CFD70D22-214F-4131-AFFB-58A5C2AC8A36}
	EndGlobalSection
EndGlobal
